{
  "name": "mozaic-client",
  "version": "1.0.0",
  "lockfileVersion": 1,
  "requires": true,
  "dependencies": {
    "node-blockly": {
      "version": "1.0.26",
      "resolved": "https://registry.npmjs.org/node-blockly/-/node-blockly-1.0.26.tgz",
      "integrity": "sha512-FhxS82iEw0DG+kY6LF+zn8D4IdMkNjH+rKUqL0dyS610T/OcYHO109mxZdlUYynhR2HcayUi1Moe0CyJdBN/Hg==",
      "requires": {
        "xmldom": "0.1.27"
      }
    },
    "xmldom": {
      "version": "0.1.27",
      "resolved": "https://registry.npmjs.org/xmldom/-/xmldom-0.1.27.tgz",
      "integrity": "sha1-1QH5ezvbQDr4757MIFcxh6rawOk="
    }
  }
}
