{
  "name": "mozaic-client",
  "version": "1.0.0",
  "lockfileVersion": 1,
  "requires": true,
  "dependencies": {
    "acorn": {
      "version": "4.0.13",
      "resolved": "https://registry.npmjs.org/acorn/-/acorn-4.0.13.tgz",
      "integrity": "sha1-EFSVrlNh1pe9GVyCUZLhrX8lN4c="
    },
    "clone": {
      "version": "github:aminmarashi/clone#d97b4f0ff3d3afebcaaf4a2ecc9c50fbce914900"
    },
    "js-interpreter": {
      "version": "1.4.6",
      "resolved": "https://registry.npmjs.org/js-interpreter/-/js-interpreter-1.4.6.tgz",
      "integrity": "sha1-DHv71+9qU8wbO6FtkGtji/CFUhQ=",
      "requires": {
        "acorn": "4.0.13",
        "clone": "github:aminmarashi/clone#d97b4f0ff3d3afebcaaf4a2ecc9c50fbce914900"
      }
    },
    "node-blockly": {
      "version": "1.0.26",
      "resolved": "https://registry.npmjs.org/node-blockly/-/node-blockly-1.0.26.tgz",
      "integrity": "sha512-FhxS82iEw0DG+kY6LF+zn8D4IdMkNjH+rKUqL0dyS610T/OcYHO109mxZdlUYynhR2HcayUi1Moe0CyJdBN/Hg==",
      "requires": {
        "xmldom": "0.1.27"
      }
    },
    "xmldom": {
      "version": "0.1.27",
      "resolved": "https://registry.npmjs.org/xmldom/-/xmldom-0.1.27.tgz",
      "integrity": "sha1-1QH5ezvbQDr4757MIFcxh6rawOk="
    }
  }
}
