{
  "name": "planetwars-client",
  "version": "1.0.0",
  "lockfileVersion": 1,
  "requires": true,
  "dependencies": {
    "font-awesome": {
      "version": "4.7.0",
      "resolved": "https://registry.npmjs.org/font-awesome/-/font-awesome-4.7.0.tgz",
      "integrity": "sha1-j6jPBBGhoxr9B7BtKQK7n8gVoTM="
    },
    "planetwars-blockly": {
      "version": "file:../blockly",
      "requires": {
        "node-blockly": "1.0.26"
      },
      "dependencies": {
        "node-blockly": {
          "version": "1.0.26",
          "bundled": true,
          "requires": {
            "xmldom": "0.1.27"
          }
        },
        "xmldom": {
          "version": "0.1.27",
          "bundled": true
        }
      }
    },
    "planetwars-visualizer": {
      "version": "file:../visualizer",
      "requires": {
        "d3": "4.10.2"
      },
      "dependencies": {
        "commander": {
          "version": "2.11.0",
          "bundled": true
        },
        "d3": {
          "version": "4.10.2",
          "bundled": true,
          "requires": {
            "d3-array": "1.2.0",
            "d3-axis": "1.0.8",
            "d3-brush": "1.0.4",
            "d3-chord": "1.0.4",
            "d3-collection": "1.0.4",
            "d3-color": "1.0.3",
            "d3-dispatch": "1.0.3",
            "d3-drag": "1.1.1",
            "d3-dsv": "1.0.7",
            "d3-ease": "1.0.3",
            "d3-force": "1.0.6",
            "d3-format": "1.2.0",
            "d3-geo": "1.6.4",
            "d3-hierarchy": "1.1.5",
            "d3-interpolate": "1.1.5",
            "d3-path": "1.0.5",
            "d3-polygon": "1.0.3",
            "d3-quadtree": "1.0.3",
            "d3-queue": "3.0.7",
            "d3-random": "1.1.0",
            "d3-request": "1.0.6",
            "d3-scale": "1.0.6",
            "d3-selection": "1.1.0",
            "d3-shape": "1.2.0",
            "d3-time": "1.0.7",
            "d3-time-format": "2.0.5",
            "d3-timer": "1.0.7",
            "d3-transition": "1.1.0",
            "d3-voronoi": "1.1.2",
            "d3-zoom": "1.5.0"
          }
        },
        "d3-array": {
          "version": "1.2.0",
          "bundled": true
        },
        "d3-axis": {
          "version": "1.0.8",
          "bundled": true
        },
        "d3-brush": {
          "version": "1.0.4",
          "bundled": true,
          "requires": {
            "d3-dispatch": "1.0.3",
            "d3-drag": "1.1.1",
            "d3-interpolate": "1.1.5",
            "d3-selection": "1.1.0",
            "d3-transition": "1.1.0"
          }
        },
        "d3-chord": {
          "version": "1.0.4",
          "bundled": true,
          "requires": {
            "d3-array": "1.2.0",
            "d3-path": "1.0.5"
          }
        },
        "d3-collection": {
          "version": "1.0.4",
          "bundled": true
        },
        "d3-color": {
          "version": "1.0.3",
          "bundled": true
        },
        "d3-dispatch": {
          "version": "1.0.3",
          "bundled": true
        },
        "d3-drag": {
          "version": "1.1.1",
          "bundled": true,
          "requires": {
            "d3-dispatch": "1.0.3",
            "d3-selection": "1.1.0"
          }
        },
        "d3-dsv": {
          "version": "1.0.7",
          "bundled": true,
          "requires": {
            "commander": "2.11.0",
            "iconv-lite": "0.4.19",
            "rw": "1.3.3"
          }
        },
        "d3-ease": {
          "version": "1.0.3",
          "bundled": true
        },
        "d3-force": {
          "version": "1.0.6",
          "bundled": true,
          "requires": {
            "d3-collection": "1.0.4",
            "d3-dispatch": "1.0.3",
            "d3-quadtree": "1.0.3",
            "d3-timer": "1.0.7"
          }
        },
        "d3-format": {
          "version": "1.2.0",
          "bundled": true
        },
        "d3-geo": {
          "version": "1.6.4",
          "bundled": true,
          "requires": {
            "d3-array": "1.2.0"
          }
        },
        "d3-hierarchy": {
          "version": "1.1.5",
          "bundled": true
        },
        "d3-interpolate": {
          "version": "1.1.5",
          "bundled": true,
          "requires": {
            "d3-color": "1.0.3"
          }
        },
        "d3-path": {
          "version": "1.0.5",
          "bundled": true
        },
        "d3-polygon": {
          "version": "1.0.3",
          "bundled": true
        },
        "d3-quadtree": {
          "version": "1.0.3",
          "bundled": true
        },
        "d3-queue": {
          "version": "3.0.7",
          "bundled": true
        },
        "d3-random": {
          "version": "1.1.0",
          "bundled": true
        },
        "d3-request": {
          "version": "1.0.6",
          "bundled": true,
          "requires": {
            "d3-collection": "1.0.4",
            "d3-dispatch": "1.0.3",
            "d3-dsv": "1.0.7",
            "xmlhttprequest": "1.8.0"
          }
        },
        "d3-scale": {
          "version": "1.0.6",
          "bundled": true,
          "requires": {
            "d3-array": "1.2.0",
            "d3-collection": "1.0.4",
            "d3-color": "1.0.3",
            "d3-format": "1.2.0",
            "d3-interpolate": "1.1.5",
            "d3-time": "1.0.7",
            "d3-time-format": "2.0.5"
          }
        },
        "d3-selection": {
          "version": "1.1.0",
          "bundled": true
        },
        "d3-shape": {
          "version": "1.2.0",
          "bundled": true,
          "requires": {
            "d3-path": "1.0.5"
          }
        },
        "d3-time": {
          "version": "1.0.7",
          "bundled": true
        },
        "d3-time-format": {
          "version": "2.0.5",
          "bundled": true,
          "requires": {
            "d3-time": "1.0.7"
          }
        },
        "d3-timer": {
          "version": "1.0.7",
          "bundled": true
        },
        "d3-transition": {
          "version": "1.1.0",
          "bundled": true,
          "requires": {
            "d3-color": "1.0.3",
            "d3-dispatch": "1.0.3",
            "d3-ease": "1.0.3",
            "d3-interpolate": "1.1.5",
            "d3-selection": "1.1.0",
            "d3-timer": "1.0.7"
          }
        },
        "d3-voronoi": {
          "version": "1.1.2",
          "bundled": true
        },
        "d3-zoom": {
          "version": "1.5.0",
          "bundled": true,
          "requires": {
            "d3-dispatch": "1.0.3",
            "d3-drag": "1.1.1",
            "d3-interpolate": "1.1.5",
            "d3-selection": "1.1.0",
            "d3-transition": "1.1.0"
          }
        },
        "iconv-lite": {
          "version": "0.4.19",
          "bundled": true
        },
        "rw": {
          "version": "1.3.3",
          "bundled": true
        },
        "xmlhttprequest": {
          "version": "1.8.0",
          "bundled": true
        }
      }
    }
  }
}
