{
  "name": "planetwars-client",
  "version": "1.0.0",
  "lockfileVersion": 1,
  "requires": true,
  "dependencies": {
    "asap": {
      "version": "2.0.6",
      "resolved": "https://registry.npmjs.org/asap/-/asap-2.0.6.tgz",
      "integrity": "sha1-5QNHYR1+aQlDIIu9r+vLwvuGbUY="
    },
    "core-js": {
      "version": "1.2.7",
      "resolved": "https://registry.npmjs.org/core-js/-/core-js-1.2.7.tgz",
      "integrity": "sha1-ZSKUwUZR2yj6k70tX/KYOk8IxjY="
    },
    "encoding": {
      "version": "0.1.12",
      "resolved": "https://registry.npmjs.org/encoding/-/encoding-0.1.12.tgz",
      "integrity": "sha1-U4tm8+5izRq1HsMjgp0flIDHS+s=",
      "requires": {
        "iconv-lite": "0.4.19"
      }
    },
    "fbjs": {
      "version": "0.8.16",
      "resolved": "https://registry.npmjs.org/fbjs/-/fbjs-0.8.16.tgz",
      "integrity": "sha1-XmdDL1UNxBtXK/VYR7ispk5TN9s=",
      "requires": {
        "core-js": "1.2.7",
        "isomorphic-fetch": "2.2.1",
        "loose-envify": "1.3.1",
        "object-assign": "4.1.1",
        "promise": "7.3.1",
        "setimmediate": "1.0.5",
        "ua-parser-js": "0.7.14"
      }
    },
    "font-awesome": {
      "version": "4.7.0",
      "resolved": "https://registry.npmjs.org/font-awesome/-/font-awesome-4.7.0.tgz",
      "integrity": "sha1-j6jPBBGhoxr9B7BtKQK7n8gVoTM="
    },
    "hyperscript-helpers": {
      "version": "3.0.3",
      "resolved": "https://registry.npmjs.org/hyperscript-helpers/-/hyperscript-helpers-3.0.3.tgz",
      "integrity": "sha1-WDrEUhTJ6oEJkf65e9s3/D0Soeg="
    },
    "iconv-lite": {
      "version": "0.4.19",
      "resolved": "https://registry.npmjs.org/iconv-lite/-/iconv-lite-0.4.19.tgz",
      "integrity": "sha512-oTZqweIP51xaGPI4uPa56/Pri/480R+mo7SeU+YETByQNhDG55ycFyNLIgta9vXhILrxXDmF7ZGhqZIcuN0gJQ=="
    },
    "is-stream": {
      "version": "1.1.0",
      "resolved": "https://registry.npmjs.org/is-stream/-/is-stream-1.1.0.tgz",
      "integrity": "sha1-EtSj3U5o4Lec6428hBc66A2RykQ="
    },
    "isomorphic-fetch": {
      "version": "2.2.1",
      "resolved": "https://registry.npmjs.org/isomorphic-fetch/-/isomorphic-fetch-2.2.1.tgz",
      "integrity": "sha1-YRrhrPFPXoH3KVB0coGf6XM1WKk=",
      "requires": {
        "node-fetch": "1.7.3",
        "whatwg-fetch": "2.0.3"
      }
    },
    "js-tokens": {
      "version": "3.0.2",
      "resolved": "https://registry.npmjs.org/js-tokens/-/js-tokens-3.0.2.tgz",
      "integrity": "sha1-mGbfOVECEw449/mWvOtlRDIJwls="
    },
    "loose-envify": {
      "version": "1.3.1",
      "resolved": "https://registry.npmjs.org/loose-envify/-/loose-envify-1.3.1.tgz",
      "integrity": "sha1-0aitM/qc4OcT1l/dCsi3SNR4yEg=",
      "requires": {
        "js-tokens": "3.0.2"
      }
    },
    "node-fetch": {
      "version": "1.7.3",
      "resolved": "https://registry.npmjs.org/node-fetch/-/node-fetch-1.7.3.tgz",
      "integrity": "sha512-NhZ4CsKx7cYm2vSrBAr2PvFOe6sWDf0UYLRqA6svUYg7+/TSfVAu49jYC4BvQ4Sms9SZgdqGBgroqfDhJdTyKQ==",
      "requires": {
        "encoding": "0.1.12",
        "is-stream": "1.1.0"
      }
    },
    "object-assign": {
      "version": "4.1.1",
      "resolved": "https://registry.npmjs.org/object-assign/-/object-assign-4.1.1.tgz",
      "integrity": "sha1-IQmtx5ZYh8/AXLvUQsrIv7s2CGM="
    },
    "planetwars-blockly": {
      "version": "file:../blockly",
      "requires": {
        "node-blockly": "1.0.26"
      },
      "dependencies": {
        "node-blockly": {
          "version": "1.0.26",
          "bundled": true,
          "requires": {
            "xmldom": "0.1.27"
          }
        },
        "xmldom": {
          "version": "0.1.27",
          "bundled": true
        }
      }
    },
    "planetwars-visualizer": {
      "version": "file:../visualizer",
      "requires": {
        "d3": "4.10.2",
        "hyperscript-helpers": "3.0.3",
        "react": "16.0.0",
        "react-dom": "16.0.0",
        "react-hyperscript": "3.0.0"
      },
      "dependencies": {
        "asap": {
          "version": "2.0.6",
          "bundled": true
        },
        "commander": {
          "version": "2.11.0",
          "bundled": true
        },
        "core-js": {
          "version": "1.2.7",
          "bundled": true
        },
        "d3": {
          "version": "4.10.2",
          "bundled": true,
          "requires": {
            "d3-array": "1.2.0",
            "d3-axis": "1.0.8",
            "d3-brush": "1.0.4",
            "d3-chord": "1.0.4",
            "d3-collection": "1.0.4",
            "d3-color": "1.0.3",
            "d3-dispatch": "1.0.3",
            "d3-drag": "1.1.1",
            "d3-dsv": "1.0.7",
            "d3-ease": "1.0.3",
            "d3-force": "1.0.6",
            "d3-format": "1.2.0",
            "d3-geo": "1.6.4",
            "d3-hierarchy": "1.1.5",
            "d3-interpolate": "1.1.5",
            "d3-path": "1.0.5",
            "d3-polygon": "1.0.3",
            "d3-quadtree": "1.0.3",
            "d3-queue": "3.0.7",
            "d3-random": "1.1.0",
            "d3-request": "1.0.6",
            "d3-scale": "1.0.6",
            "d3-selection": "1.1.0",
            "d3-shape": "1.2.0",
            "d3-time": "1.0.7",
            "d3-time-format": "2.0.5",
            "d3-timer": "1.0.7",
            "d3-transition": "1.1.0",
            "d3-voronoi": "1.1.2",
            "d3-zoom": "1.5.0"
          }
        },
        "d3-array": {
          "version": "1.2.0",
          "bundled": true
        },
        "d3-axis": {
          "version": "1.0.8",
          "bundled": true
        },
        "d3-brush": {
          "version": "1.0.4",
          "bundled": true,
          "requires": {
            "d3-dispatch": "1.0.3",
            "d3-drag": "1.1.1",
            "d3-interpolate": "1.1.5",
            "d3-selection": "1.1.0",
            "d3-transition": "1.1.0"
          }
        },
        "d3-chord": {
          "version": "1.0.4",
          "bundled": true,
          "requires": {
            "d3-array": "1.2.0",
            "d3-path": "1.0.5"
          }
        },
        "d3-collection": {
          "version": "1.0.4",
          "bundled": true
        },
        "d3-color": {
          "version": "1.0.3",
          "bundled": true
        },
        "d3-dispatch": {
          "version": "1.0.3",
          "bundled": true
        },
        "d3-drag": {
          "version": "1.1.1",
          "bundled": true,
          "requires": {
            "d3-dispatch": "1.0.3",
            "d3-selection": "1.1.0"
          }
        },
        "d3-dsv": {
          "version": "1.0.7",
          "bundled": true,
          "requires": {
            "commander": "2.11.0",
            "iconv-lite": "0.4.19",
            "rw": "1.3.3"
          }
        },
        "d3-ease": {
          "version": "1.0.3",
          "bundled": true
        },
        "d3-force": {
          "version": "1.0.6",
          "bundled": true,
          "requires": {
            "d3-collection": "1.0.4",
            "d3-dispatch": "1.0.3",
            "d3-quadtree": "1.0.3",
            "d3-timer": "1.0.7"
          }
        },
        "d3-format": {
          "version": "1.2.0",
          "bundled": true
        },
        "d3-geo": {
          "version": "1.6.4",
          "bundled": true,
          "requires": {
            "d3-array": "1.2.0"
          }
        },
        "d3-hierarchy": {
          "version": "1.1.5",
          "bundled": true
        },
        "d3-interpolate": {
          "version": "1.1.5",
          "bundled": true,
          "requires": {
            "d3-color": "1.0.3"
          }
        },
        "d3-path": {
          "version": "1.0.5",
          "bundled": true
        },
        "d3-polygon": {
          "version": "1.0.3",
          "bundled": true
        },
        "d3-quadtree": {
          "version": "1.0.3",
          "bundled": true
        },
        "d3-queue": {
          "version": "3.0.7",
          "bundled": true
        },
        "d3-random": {
          "version": "1.1.0",
          "bundled": true
        },
        "d3-request": {
          "version": "1.0.6",
          "bundled": true,
          "requires": {
            "d3-collection": "1.0.4",
            "d3-dispatch": "1.0.3",
            "d3-dsv": "1.0.7",
            "xmlhttprequest": "1.8.0"
          }
        },
        "d3-scale": {
          "version": "1.0.6",
          "bundled": true,
          "requires": {
            "d3-array": "1.2.0",
            "d3-collection": "1.0.4",
            "d3-color": "1.0.3",
            "d3-format": "1.2.0",
            "d3-interpolate": "1.1.5",
            "d3-time": "1.0.7",
            "d3-time-format": "2.0.5"
          }
        },
        "d3-selection": {
          "version": "1.1.0",
          "bundled": true
        },
        "d3-shape": {
          "version": "1.2.0",
          "bundled": true,
          "requires": {
            "d3-path": "1.0.5"
          }
        },
        "d3-time": {
          "version": "1.0.7",
          "bundled": true
        },
        "d3-time-format": {
          "version": "2.0.5",
          "bundled": true,
          "requires": {
            "d3-time": "1.0.7"
          }
        },
        "d3-timer": {
          "version": "1.0.7",
          "bundled": true
        },
        "d3-transition": {
          "version": "1.1.0",
          "bundled": true,
          "requires": {
            "d3-color": "1.0.3",
            "d3-dispatch": "1.0.3",
            "d3-ease": "1.0.3",
            "d3-interpolate": "1.1.5",
            "d3-selection": "1.1.0",
            "d3-timer": "1.0.7"
          }
        },
        "d3-voronoi": {
          "version": "1.1.2",
          "bundled": true
        },
        "d3-zoom": {
          "version": "1.5.0",
          "bundled": true,
          "requires": {
            "d3-dispatch": "1.0.3",
            "d3-drag": "1.1.1",
            "d3-interpolate": "1.1.5",
            "d3-selection": "1.1.0",
            "d3-transition": "1.1.0"
          }
        },
        "encoding": {
          "version": "0.1.12",
          "bundled": true,
          "requires": {
            "iconv-lite": "0.4.19"
          }
        },
        "fbjs": {
          "version": "0.8.16",
          "bundled": true,
          "requires": {
            "core-js": "1.2.7",
            "isomorphic-fetch": "2.2.1",
            "loose-envify": "1.3.1",
            "object-assign": "4.1.1",
            "promise": "7.3.1",
            "setimmediate": "1.0.5",
            "ua-parser-js": "0.7.14"
          }
        },
        "hyperscript-helpers": {
          "version": "3.0.3",
          "bundled": true
        },
        "iconv-lite": {
          "version": "0.4.19",
          "bundled": true
        },
        "is-stream": {
          "version": "1.1.0",
          "bundled": true
        },
        "isomorphic-fetch": {
          "version": "2.2.1",
          "bundled": true,
          "requires": {
            "node-fetch": "1.7.3",
            "whatwg-fetch": "2.0.3"
          }
        },
        "js-tokens": {
          "version": "3.0.2",
          "bundled": true
        },
        "loose-envify": {
          "version": "1.3.1",
          "bundled": true,
          "requires": {
            "js-tokens": "3.0.2"
          }
        },
        "node-fetch": {
          "version": "1.7.3",
          "bundled": true,
          "requires": {
            "encoding": "0.1.12",
            "is-stream": "1.1.0"
          }
        },
        "object-assign": {
          "version": "4.1.1",
          "bundled": true
        },
        "promise": {
          "version": "7.3.1",
          "bundled": true,
          "requires": {
            "asap": "2.0.6"
          }
        },
        "prop-types": {
          "version": "15.6.0",
          "bundled": true,
          "requires": {
            "fbjs": "0.8.16",
            "loose-envify": "1.3.1",
            "object-assign": "4.1.1"
          }
        },
        "react": {
          "version": "16.0.0",
          "bundled": true,
          "requires": {
            "fbjs": "0.8.16",
            "loose-envify": "1.3.1",
            "object-assign": "4.1.1",
            "prop-types": "15.6.0"
          }
        },
        "react-dom": {
          "version": "16.0.0",
          "bundled": true,
          "requires": {
            "fbjs": "0.8.16",
            "loose-envify": "1.3.1",
            "object-assign": "4.1.1",
            "prop-types": "15.6.0"
          }
        },
        "react-hyperscript": {
          "version": "3.0.0",
          "bundled": true
        },
        "rw": {
          "version": "1.3.3",
          "bundled": true
        },
        "setimmediate": {
          "version": "1.0.5",
          "bundled": true
        },
        "ua-parser-js": {
          "version": "0.7.14",
          "bundled": true
        },
        "whatwg-fetch": {
          "version": "2.0.3",
          "bundled": true
        },
        "xmlhttprequest": {
          "version": "1.8.0",
          "bundled": true
        }
      }
    },
    "promise": {
      "version": "7.3.1",
      "resolved": "https://registry.npmjs.org/promise/-/promise-7.3.1.tgz",
      "integrity": "sha512-nolQXZ/4L+bP/UGlkfaIujX9BKxGwmQ9OT4mOt5yvy8iK1h3wqTEJCijzGANTCCl9nWjY41juyAn2K3Q1hLLTg==",
      "requires": {
        "asap": "2.0.6"
      }
    },
    "prop-types": {
      "version": "15.6.0",
      "resolved": "https://registry.npmjs.org/prop-types/-/prop-types-15.6.0.tgz",
      "integrity": "sha1-zq8IMCL8RrSjX2nhPvda7Q1jmFY=",
      "requires": {
        "fbjs": "0.8.16",
        "loose-envify": "1.3.1",
        "object-assign": "4.1.1"
      }
    },
    "react": {
      "version": "16.0.0",
      "resolved": "https://registry.npmjs.org/react/-/react-16.0.0.tgz",
      "integrity": "sha1-zn348ZQbA28Cssyp29DLHw6FXi0=",
      "requires": {
        "fbjs": "0.8.16",
        "loose-envify": "1.3.1",
        "object-assign": "4.1.1",
        "prop-types": "15.6.0"
      }
    },
    "react-dom": {
      "version": "16.0.0",
      "resolved": "https://registry.npmjs.org/react-dom/-/react-dom-16.0.0.tgz",
      "integrity": "sha1-nMMHnD3NcNTG4BuEqrKn40wwP1g=",
      "requires": {
        "fbjs": "0.8.16",
        "loose-envify": "1.3.1",
        "object-assign": "4.1.1",
        "prop-types": "15.6.0"
      }
    },
    "react-hyperscript": {
      "version": "3.0.0",
      "resolved": "https://registry.npmjs.org/react-hyperscript/-/react-hyperscript-3.0.0.tgz",
      "integrity": "sha1-PBYBCzMXXea8Af0eutChapptyas="
    },
    "setimmediate": {
      "version": "1.0.5",
      "resolved": "https://registry.npmjs.org/setimmediate/-/setimmediate-1.0.5.tgz",
      "integrity": "sha1-KQy7Iy4waULX1+qbg3Mqt4VvgoU="
    },
    "ua-parser-js": {
      "version": "0.7.14",
      "resolved": "https://registry.npmjs.org/ua-parser-js/-/ua-parser-js-0.7.14.tgz",
      "integrity": "sha1-EQ1T+kw/MmwSEpK76skE0uAzh8o="
    },
    "whatwg-fetch": {
      "version": "2.0.3",
      "resolved": "https://registry.npmjs.org/whatwg-fetch/-/whatwg-fetch-2.0.3.tgz",
      "integrity": "sha1-nITsLc9oGH/wC8ZOEnS0QhduHIQ="
    }
  }
}
